
Microsoft Visual Studio Solution File, Format Version 12.00
# Visual Studio 15
VisualStudioVersion = 15.0.28010.2026
MinimumVisualStudioVersion = 10.0.40219.1
Project("{FAE04EC0-301F-11D3-BF4B-00C04F79EFBC}") = "QuickQuestions", "QuickQuestions\QuickQuestions.csproj", "{048BAB90-0B29-45D2-BFED-016C1288EFE3}"
EndProject
Global
	GlobalSection(SolutionConfigurationPlatforms) = preSolution
		Debug|Any CPU = Debug|Any CPU
		Release|Any CPU = Release|Any CPU
	EndGlobalSection
	GlobalSection(ProjectConfigurationPlatforms) = postSolution
		{048BAB90-0B29-45D2-BFED-016C1288EFE3}.Debug|Any CPU.ActiveCfg = Debug|Any CPU
		{048BAB90-0B29-45D2-BFED-016C1288EFE3}.Debug|Any CPU.Build.0 = Debug|Any CPU
		{048BAB90-0B29-45D2-BFED-016C1288EFE3}.Release|Any CPU.ActiveCfg = Release|Any CPU
		{048BAB90-0B29-45D2-BFED-016C1288EFE3}.Release|Any CPU.Build.0 = Release|Any CPU
	EndGlobalSection
	GlobalSection(SolutionProperties) = preSolution
		HideSolutionNode = FALSE
	EndGlobalSection
	GlobalSection(ExtensibilityGlobals) = postSolution
		SolutionGuid = {0A1DAF7F-3798-49D0-9584-D63407AD88B1}
	EndGlobalSection
EndGlobal
